
Microsoft Visual Studio Solution File, Format Version 12.00
# Visual Studio Version 16
VisualStudioVersion = 16.0.29609.76
MinimumVisualStudioVersion = 10.0.40219.1
Project("{2150E333-8FDC-42A3-9474-1A3956D46DE8}") = "Microservices", "Microservices", "{1ED5101D-61B6-4815-965E-417F05EBA465}"
EndProject
Project("{2150E333-8FDC-42A3-9474-1A3956D46DE8}") = "Domain", "Domain", "{1E41BB38-332A-4A99-98BD-1CD89DE791F2}"
EndProject
Project("{2150E333-8FDC-42A3-9474-1A3956D46DE8}") = "Infra.Bus", "Infra.Bus", "{1F699EB4-CCC8-4891-A8FE-4968B7B596A4}"
EndProject
Project("{2150E333-8FDC-42A3-9474-1A3956D46DE8}") = "Infra.IoC", "Infra.IoC", "{431DC4A0-8F10-46EF-AB15-E20E91B704FD}"
EndProject
Project("{2150E333-8FDC-42A3-9474-1A3956D46DE8}") = "Presentaion", "Presentaion", "{AAF208F5-83B0-4F33-9A5E-C7C17491D3E4}"
EndProject
Project("{9A19103F-16F7-4668-BE54-9A1E7A4F7556}") = "MicroRabbit.Domain.Core", "MicroRabbit.Domain.Core\MicroRabbit.Domain.Core.csproj", "{F281EB23-FAE4-4EFF-84AB-8E5D1A00A429}"
EndProject
Project("{9A19103F-16F7-4668-BE54-9A1E7A4F7556}") = "MicroRabbit.Infra.Bus", "MicroRabbit.Infra.Bus\MicroRabbit.Infra.Bus.csproj", "{C492FFE4-3E73-4EFC-8DA3-FD572529AA63}"
EndProject
Project("{9A19103F-16F7-4668-BE54-9A1E7A4F7556}") = "MicroRabbit.Infra.IoC", "MicroRabbit.Infra.IoC\MicroRabbit.Infra.IoC.csproj", "{86987C98-76CD-4943-A6F4-1AAF977EFD49}"
EndProject
Project("{2150E333-8FDC-42A3-9474-1A3956D46DE8}") = "Banking", "Banking", "{EDB9F61C-C347-4419-AE9D-D10A5792855C}"
EndProject
Project("{2150E333-8FDC-42A3-9474-1A3956D46DE8}") = "Api", "Api", "{B1B3CEE9-163C-474C-8F80-E6C2AA72D024}"
EndProject
Project("{2150E333-8FDC-42A3-9474-1A3956D46DE8}") = "Application", "Application", "{EC20D61E-0831-4CB2-B858-196F7F7E36F8}"
EndProject
Project("{2150E333-8FDC-42A3-9474-1A3956D46DE8}") = "Data", "Data", "{C1C46486-1921-4A3A-8AD6-A3B60C749613}"
EndProject
Project("{2150E333-8FDC-42A3-9474-1A3956D46DE8}") = "Domain", "Domain", "{14526896-854F-4404-AA4B-097AD2AC31BF}"
EndProject
Project("{9A19103F-16F7-4668-BE54-9A1E7A4F7556}") = "MicroRabbit.Banking.Application", "MicroRabbit.Banking.Application\MicroRabbit.Banking.Application.csproj", "{71658B68-0549-47E7-BB4A-7B17D29F514A}"
EndProject
Project("{9A19103F-16F7-4668-BE54-9A1E7A4F7556}") = "MicroRabbit.Banking.Data", "MicroRabbit.Banking.Data\MicroRabbit.Banking.Data.csproj", "{592A7751-A816-4617-8D9B-012C5787AE4D}"
EndProject
Project("{9A19103F-16F7-4668-BE54-9A1E7A4F7556}") = "MicroRabbit.Banking.Domain", "Micro.Rabbit.Banking.Domain\MicroRabbit.Banking.Domain.csproj", "{45225ED9-B1F9-467E-9549-99ACAB3CF2CE}"
EndProject
Project("{FAE04EC0-301F-11D3-BF4B-00C04F79EFBC}") = "MicroRabbit.Banking.Api", "MicroRabbit.Banking.Api\MicroRabbit.Banking.Api.csproj", "{FB527074-702E-4707-87C5-06C59366FC0B}"
EndProject
Project("{2150E333-8FDC-42A3-9474-1A3956D46DE8}") = "Transfer", "Transfer", "{B3BFAB68-9D94-4150-9DC0-F5ABAA0596D8}"
EndProject
Project("{2150E333-8FDC-42A3-9474-1A3956D46DE8}") = "Api", "Api", "{0C6530CD-CEB7-4CDC-A1DB-A05E16AFD9A5}"
EndProject
Project("{2150E333-8FDC-42A3-9474-1A3956D46DE8}") = "Application", "Application", "{A53A7FA8-E975-4A00-A277-34BA5B8B838E}"
EndProject
Project("{2150E333-8FDC-42A3-9474-1A3956D46DE8}") = "Data", "Data", "{C841685C-79BC-4995-8F9A-0B81CCF887C7}"
EndProject
Project("{2150E333-8FDC-42A3-9474-1A3956D46DE8}") = "Domain", "Domain", "{6FF94D3A-9382-4365-866A-75174B9C415B}"
EndProject
Project("{FAE04EC0-301F-11D3-BF4B-00C04F79EFBC}") = "MicroRabbit.Transfer.Api", "MicroRabbit.Transfer.Api\MicroRabbit.Transfer.Api.csproj", "{9CBA66E9-19DF-4EB1-809A-764D611BBE10}"
EndProject
Project("{FAE04EC0-301F-11D3-BF4B-00C04F79EFBC}") = "MicroRabbit.Transfer.Application", "MicroRabbit.Transfer.Application\MicroRabbit.Transfer.Application.csproj", "{0437AE0A-F30A-4F26-B10C-B0D0D082F7E5}"
EndProject
Project("{FAE04EC0-301F-11D3-BF4B-00C04F79EFBC}") = "MicroRabbit.Transfer.Data", "MicroRabbit.Transfer.Data\MicroRabbit.Transfer.Data.csproj", "{DE43FCE5-0FC4-45E3-9908-EFDDE8F59F10}"
EndProject
Project("{FAE04EC0-301F-11D3-BF4B-00C04F79EFBC}") = "MicroRabbit.Transfer.Domain", "MicroRabbit.Transfer.Domain\MicroRabbit.Transfer.Domain.csproj", "{E0A36E38-F71B-4D4B-9733-DEE219F0BE3C}"
EndProject
Global
	GlobalSection(SolutionConfigurationPlatforms) = preSolution
		Debug|Any CPU = Debug|Any CPU
		Release|Any CPU = Release|Any CPU
	EndGlobalSection
	GlobalSection(ProjectConfigurationPlatforms) = postSolution
		{F281EB23-FAE4-4EFF-84AB-8E5D1A00A429}.Debug|Any CPU.ActiveCfg = Debug|Any CPU
		{F281EB23-FAE4-4EFF-84AB-8E5D1A00A429}.Debug|Any CPU.Build.0 = Debug|Any CPU
		{F281EB23-FAE4-4EFF-84AB-8E5D1A00A429}.Release|Any CPU.ActiveCfg = Release|Any CPU
		{F281EB23-FAE4-4EFF-84AB-8E5D1A00A429}.Release|Any CPU.Build.0 = Release|Any CPU
		{C492FFE4-3E73-4EFC-8DA3-FD572529AA63}.Debug|Any CPU.ActiveCfg = Debug|Any CPU
		{C492FFE4-3E73-4EFC-8DA3-FD572529AA63}.Debug|Any CPU.Build.0 = Debug|Any CPU
		{C492FFE4-3E73-4EFC-8DA3-FD572529AA63}.Release|Any CPU.ActiveCfg = Release|Any CPU
		{C492FFE4-3E73-4EFC-8DA3-FD572529AA63}.Release|Any CPU.Build.0 = Release|Any CPU
		{86987C98-76CD-4943-A6F4-1AAF977EFD49}.Debug|Any CPU.ActiveCfg = Debug|Any CPU
		{86987C98-76CD-4943-A6F4-1AAF977EFD49}.Debug|Any CPU.Build.0 = Debug|Any CPU
		{86987C98-76CD-4943-A6F4-1AAF977EFD49}.Release|Any CPU.ActiveCfg = Release|Any CPU
		{86987C98-76CD-4943-A6F4-1AAF977EFD49}.Release|Any CPU.Build.0 = Release|Any CPU
		{71658B68-0549-47E7-BB4A-7B17D29F514A}.Debug|Any CPU.ActiveCfg = Debug|Any CPU
		{71658B68-0549-47E7-BB4A-7B17D29F514A}.Debug|Any CPU.Build.0 = Debug|Any CPU
		{71658B68-0549-47E7-BB4A-7B17D29F514A}.Release|Any CPU.ActiveCfg = Release|Any CPU
		{71658B68-0549-47E7-BB4A-7B17D29F514A}.Release|Any CPU.Build.0 = Release|Any CPU
		{592A7751-A816-4617-8D9B-012C5787AE4D}.Debug|Any CPU.ActiveCfg = Debug|Any CPU
		{592A7751-A816-4617-8D9B-012C5787AE4D}.Debug|Any CPU.Build.0 = Debug|Any CPU
		{592A7751-A816-4617-8D9B-012C5787AE4D}.Release|Any CPU.ActiveCfg = Release|Any CPU
		{592A7751-A816-4617-8D9B-012C5787AE4D}.Release|Any CPU.Build.0 = Release|Any CPU
		{45225ED9-B1F9-467E-9549-99ACAB3CF2CE}.Debug|Any CPU.ActiveCfg = Debug|Any CPU
		{45225ED9-B1F9-467E-9549-99ACAB3CF2CE}.Debug|Any CPU.Build.0 = Debug|Any CPU
		{45225ED9-B1F9-467E-9549-99ACAB3CF2CE}.Release|Any CPU.ActiveCfg = Release|Any CPU
		{45225ED9-B1F9-467E-9549-99ACAB3CF2CE}.Release|Any CPU.Build.0 = Release|Any CPU
		{FB527074-702E-4707-87C5-06C59366FC0B}.Debug|Any CPU.ActiveCfg = Debug|Any CPU
		{FB527074-702E-4707-87C5-06C59366FC0B}.Debug|Any CPU.Build.0 = Debug|Any CPU
		{FB527074-702E-4707-87C5-06C59366FC0B}.Release|Any CPU.ActiveCfg = Release|Any CPU
		{FB527074-702E-4707-87C5-06C59366FC0B}.Release|Any CPU.Build.0 = Release|Any CPU
		{9CBA66E9-19DF-4EB1-809A-764D611BBE10}.Debug|Any CPU.ActiveCfg = Debug|Any CPU
		{9CBA66E9-19DF-4EB1-809A-764D611BBE10}.Debug|Any CPU.Build.0 = Debug|Any CPU
		{9CBA66E9-19DF-4EB1-809A-764D611BBE10}.Release|Any CPU.ActiveCfg = Release|Any CPU
		{9CBA66E9-19DF-4EB1-809A-764D611BBE10}.Release|Any CPU.Build.0 = Release|Any CPU
		{0437AE0A-F30A-4F26-B10C-B0D0D082F7E5}.Debug|Any CPU.ActiveCfg = Debug|Any CPU
		{0437AE0A-F30A-4F26-B10C-B0D0D082F7E5}.Debug|Any CPU.Build.0 = Debug|Any CPU
		{0437AE0A-F30A-4F26-B10C-B0D0D082F7E5}.Release|Any CPU.ActiveCfg = Release|Any CPU
		{0437AE0A-F30A-4F26-B10C-B0D0D082F7E5}.Release|Any CPU.Build.0 = Release|Any CPU
		{DE43FCE5-0FC4-45E3-9908-EFDDE8F59F10}.Debug|Any CPU.ActiveCfg = Debug|Any CPU
		{DE43FCE5-0FC4-45E3-9908-EFDDE8F59F10}.Debug|Any CPU.Build.0 = Debug|Any CPU
		{DE43FCE5-0FC4-45E3-9908-EFDDE8F59F10}.Release|Any CPU.ActiveCfg = Release|Any CPU
		{DE43FCE5-0FC4-45E3-9908-EFDDE8F59F10}.Release|Any CPU.Build.0 = Release|Any CPU
		{E0A36E38-F71B-4D4B-9733-DEE219F0BE3C}.Debug|Any CPU.ActiveCfg = Debug|Any CPU
		{E0A36E38-F71B-4D4B-9733-DEE219F0BE3C}.Debug|Any CPU.Build.0 = Debug|Any CPU
		{E0A36E38-F71B-4D4B-9733-DEE219F0BE3C}.Release|Any CPU.ActiveCfg = Release|Any CPU
		{E0A36E38-F71B-4D4B-9733-DEE219F0BE3C}.Release|Any CPU.Build.0 = Release|Any CPU
	EndGlobalSection
	GlobalSection(SolutionProperties) = preSolution
		HideSolutionNode = FALSE
	EndGlobalSection
	GlobalSection(NestedProjects) = preSolution
		{F281EB23-FAE4-4EFF-84AB-8E5D1A00A429} = {1E41BB38-332A-4A99-98BD-1CD89DE791F2}
		{C492FFE4-3E73-4EFC-8DA3-FD572529AA63} = {1F699EB4-CCC8-4891-A8FE-4968B7B596A4}
		{86987C98-76CD-4943-A6F4-1AAF977EFD49} = {431DC4A0-8F10-46EF-AB15-E20E91B704FD}
		{EDB9F61C-C347-4419-AE9D-D10A5792855C} = {1ED5101D-61B6-4815-965E-417F05EBA465}
		{B1B3CEE9-163C-474C-8F80-E6C2AA72D024} = {EDB9F61C-C347-4419-AE9D-D10A5792855C}
		{EC20D61E-0831-4CB2-B858-196F7F7E36F8} = {EDB9F61C-C347-4419-AE9D-D10A5792855C}
		{C1C46486-1921-4A3A-8AD6-A3B60C749613} = {EDB9F61C-C347-4419-AE9D-D10A5792855C}
		{14526896-854F-4404-AA4B-097AD2AC31BF} = {EDB9F61C-C347-4419-AE9D-D10A5792855C}
		{71658B68-0549-47E7-BB4A-7B17D29F514A} = {EC20D61E-0831-4CB2-B858-196F7F7E36F8}
		{592A7751-A816-4617-8D9B-012C5787AE4D} = {C1C46486-1921-4A3A-8AD6-A3B60C749613}
		{45225ED9-B1F9-467E-9549-99ACAB3CF2CE} = {14526896-854F-4404-AA4B-097AD2AC31BF}
		{FB527074-702E-4707-87C5-06C59366FC0B} = {B1B3CEE9-163C-474C-8F80-E6C2AA72D024}
		{B3BFAB68-9D94-4150-9DC0-F5ABAA0596D8} = {1ED5101D-61B6-4815-965E-417F05EBA465}
		{0C6530CD-CEB7-4CDC-A1DB-A05E16AFD9A5} = {B3BFAB68-9D94-4150-9DC0-F5ABAA0596D8}
		{A53A7FA8-E975-4A00-A277-34BA5B8B838E} = {B3BFAB68-9D94-4150-9DC0-F5ABAA0596D8}
		{C841685C-79BC-4995-8F9A-0B81CCF887C7} = {B3BFAB68-9D94-4150-9DC0-F5ABAA0596D8}
		{6FF94D3A-9382-4365-866A-75174B9C415B} = {B3BFAB68-9D94-4150-9DC0-F5ABAA0596D8}
		{9CBA66E9-19DF-4EB1-809A-764D611BBE10} = {0C6530CD-CEB7-4CDC-A1DB-A05E16AFD9A5}
		{0437AE0A-F30A-4F26-B10C-B0D0D082F7E5} = {A53A7FA8-E975-4A00-A277-34BA5B8B838E}
		{DE43FCE5-0FC4-45E3-9908-EFDDE8F59F10} = {C841685C-79BC-4995-8F9A-0B81CCF887C7}
		{E0A36E38-F71B-4D4B-9733-DEE219F0BE3C} = {6FF94D3A-9382-4365-866A-75174B9C415B}
	EndGlobalSection
	GlobalSection(ExtensibilityGlobals) = postSolution
		SolutionGuid = {49065226-437C-4A95-8626-776B35CF0183}
	EndGlobalSection
EndGlobal
